
Microsoft Visual Studio Solution File, Format Version 12.00
# Visual Studio Version 17
VisualStudioVersion = 17.10.35013.160
MinimumVisualStudioVersion = 10.0.40219.1
Project("{FAE04EC0-301F-11D3-BF4B-00C04F79EFBC}") = "ChatbotIA", "ChatbotIA\ChatbotIA.csproj", "{FD955805-3ED9-44B9-99BC-DE0AD54DF368}"
EndProject
Global
	GlobalSection(SolutionConfigurationPlatforms) = preSolution
		Debug|Any CPU = Debug|Any CPU
		Release|Any CPU = Release|Any CPU
	EndGlobalSection
	GlobalSection(ProjectConfigurationPlatforms) = postSolution
		{FD955805-3ED9-44B9-99BC-DE0AD54DF368}.Debug|Any CPU.ActiveCfg = Debug|Any CPU
		{FD955805-3ED9-44B9-99BC-DE0AD54DF368}.Debug|Any CPU.Build.0 = Debug|Any CPU
		{FD955805-3ED9-44B9-99BC-DE0AD54DF368}.Release|Any CPU.ActiveCfg = Release|Any CPU
		{FD955805-3ED9-44B9-99BC-DE0AD54DF368}.Release|Any CPU.Build.0 = Release|Any CPU
	EndGlobalSection
	GlobalSection(SolutionProperties) = preSolution
		HideSolutionNode = FALSE
	EndGlobalSection
	GlobalSection(ExtensibilityGlobals) = postSolution
		SolutionGuid = {661EE779-A728-4CE7-BBC2-1AF977442287}
	EndGlobalSection
EndGlobal
